
Microsoft Visual Studio Solution File, Format Version 12.00
# Visual Studio Version 16
VisualStudioVersion = 16.0.32228.343
MinimumVisualStudioVersion = 10.0.40219.1
Project("{8BC9CEB8-8B4A-11D0-8D11-00A0C91BC942}") = "Sandbox", "Sandbox\Sandbox.vcxproj", "{972EDF76-2C9F-44A7-8862-BCCA724274A9}"
EndProject
Project("{8BC9CEB8-8B4A-11D0-8D11-00A0C91BC942}") = "Hazel", "Hazel\Hazel.vcxproj", "{EF3140FF-7B3C-4E96-9AB4-956F696586C1}"
EndProject
Global
	GlobalSection(SolutionConfigurationPlatforms) = preSolution
		Debug|x64 = Debug|x64
		Release|x64 = Release|x64
	EndGlobalSection
	GlobalSection(ProjectConfigurationPlatforms) = postSolution
		{EF3140FF-7B3C-4E96-9AB4-956F696586C1}.Debug|x64.ActiveCfg = Debug|x64
		{EF3140FF-7B3C-4E96-9AB4-956F696586C1}.Debug|x64.Build.0 = Debug|x64
		{EF3140FF-7B3C-4E96-9AB4-956F696586C1}.Release|x64.ActiveCfg = Release|x64
		{EF3140FF-7B3C-4E96-9AB4-956F696586C1}.Release|x64.Build.0 = Release|x64
		{972EDF76-2C9F-44A7-8862-BCCA724274A9}.Debug|x64.ActiveCfg = Debug|x64
		{972EDF76-2C9F-44A7-8862-BCCA724274A9}.Debug|x64.Build.0 = Debug|x64
		{972EDF76-2C9F-44A7-8862-BCCA724274A9}.Release|x64.ActiveCfg = Release|x64
		{972EDF76-2C9F-44A7-8862-BCCA724274A9}.Release|x64.Build.0 = Release|x64
	EndGlobalSection
	GlobalSection(SolutionProperties) = preSolution
		HideSolutionNode = FALSE
	EndGlobalSection
	GlobalSection(ExtensibilityGlobals) = postSolution
		SolutionGuid = {F89ADD97-4A01-44F8-A7EB-E121E0EF4FC2}
	EndGlobalSection
EndGlobal
